
Microsoft Visual Studio Solution File, Format Version 12.00
# Visual Studio Version 16
VisualStudioVersion = 16.0.32002.261
MinimumVisualStudioVersion = 10.0.40219.1
Project("{FAE04EC0-301F-11D3-BF4B-00C04F79EFBC}") = "LVP4_SportsPro2_start", "LVP4_SportsPro2_start\LVP4_SportsPro2_start.csproj", "{4F676DD0-EF82-4280-AF10-ACCBB06A751B}"
EndProject
Global
	GlobalSection(SolutionConfigurationPlatforms) = preSolution
		Debug|Any CPU = Debug|Any CPU
		Release|Any CPU = Release|Any CPU
	EndGlobalSection
	GlobalSection(ProjectConfigurationPlatforms) = postSolution
		{4F676DD0-EF82-4280-AF10-ACCBB06A751B}.Debug|Any CPU.ActiveCfg = Debug|Any CPU
		{4F676DD0-EF82-4280-AF10-ACCBB06A751B}.Debug|Any CPU.Build.0 = Debug|Any CPU
		{4F676DD0-EF82-4280-AF10-ACCBB06A751B}.Release|Any CPU.ActiveCfg = Release|Any CPU
		{4F676DD0-EF82-4280-AF10-ACCBB06A751B}.Release|Any CPU.Build.0 = Release|Any CPU
	EndGlobalSection
	GlobalSection(SolutionProperties) = preSolution
		HideSolutionNode = FALSE
	EndGlobalSection
	GlobalSection(ExtensibilityGlobals) = postSolution
		SolutionGuid = {3B8F5E01-EA12-4F39-A951-C1E54127C75F}
	EndGlobalSection
EndGlobal
